# THIS IS AN AUTOGENERATED FILE. DO NOT EDIT THIS FILE DIRECTLY.
# yarn lockfile v1


async@^2.0.1:
  version "2.6.2"
  resolved "https://registry.yarnpkg.com/async/-/async-2.6.2.tgz#18330ea7e6e313887f5d2f2a904bac6fe4dd5381"
  integrity sha512-H1qVYh1MYhEEFLsP97cVKqCGo7KfCyTt6uEWqsTBr9SO84oK9Uwbyd/yCW+6rKJLHksBNUVWZDAjfS+Ccx0Bbg==
  dependencies:
    lodash "^4.17.11"

axios@^0.17.0:
  version "0.17.1"
  resolved "https://registry.yarnpkg.com/axios/-/axios-0.17.1.tgz#2d8e3e5d0bdbd7327f91bc814f5c57660f81824d"
  integrity sha1-LY4+XQvb1zJ/kbyBT1xXZg+Bgk0=
  dependencies:
    follow-redirects "^1.2.5"
    is-buffer "^1.1.5"

debug@^3.2.6:
  version "3.2.6"
  resolved "https://registry.yarnpkg.com/debug/-/debug-3.2.6.tgz#e83d17de16d8a7efb7717edbe5fb10135eee629b"
  integrity sha512-mel+jf7nrtEl5Pn1Qx46zARXKDpBbvzezse7p7LqINmdoIk8PYP5SySaxEmYv6TZ0JyEKA1hsCId6DIhgITtWQ==
  dependencies:
    ms "^2.1.1"

es6-promise@^3.2.1:
  version "3.3.1"
  resolved "https://registry.yarnpkg.com/es6-promise/-/es6-promise-3.3.1.tgz#a08cdde84ccdbf34d027a1451bc91d4bcd28a613"
  integrity sha1-oIzd6EzNvzTQJ6FFG8kdS80ophM=

follow-redirects@^1.2.5:
  version "1.7.0"
  resolved "https://registry.yarnpkg.com/follow-redirects/-/follow-redirects-1.7.0.tgz#489ebc198dc0e7f64167bd23b03c4c19b5784c76"
  integrity sha512-m/pZQy4Gj287eNy94nivy5wchN3Kp+Q5WgUPNy5lJSZ3sgkVKSYV/ZChMAQVIgx1SqfZ2zBZtPA2YlXIWxxJOQ==
  dependencies:
    debug "^3.2.6"

is-buffer@^1.1.5:
  version "1.1.6"
  resolved "https://registry.yarnpkg.com/is-buffer/-/is-buffer-1.1.6.tgz#efaa2ea9daa0d7ab2ea13a97b2b8ad51fefbe8be"
  integrity sha512-NcdALwpXkTm5Zvvbk7owOUSvVvBKDgKP5/ewfXEznmQFfs4ZRmanOeKBTjRVjka3QFoN6XJ+9F3USqfHqTaU5w==

lodash@^4.17.11:
  version "4.17.11"
  resolved "https://registry.yarnpkg.com/lodash/-/lodash-4.17.11.tgz#b39ea6229ef607ecd89e2c8df12536891cac9b8d"
  integrity sha512-cQKh8igo5QUhZ7lg38DYWAxMvjSAKG0A8wGSVimP07SIUEK2UO+arSRKbRZWtelMtN5V0Hkwh5ryOto/SshYIg==

memory-cache@^0.1.6:
  version "0.1.6"
  resolved "https://registry.yarnpkg.com/memory-cache/-/memory-cache-0.1.6.tgz#2ed9933ed7a8c718249be7366f7ca8749acf8a24"
  integrity sha1-LtmTPteoxxgkm+c2b3yodJrPiiQ=

moment@^2.24.0:
  version "2.24.0"
  resolved "https://registry.yarnpkg.com/moment/-/moment-2.24.0.tgz#0d055d53f5052aa653c9f6eb68bb5d12bf5c2b5b"
  integrity sha512-bV7f+6l2QigeBBZSM/6yTNq4P2fNpSWj/0e7jQcy87A8e7o2nAfP/34/2ky5Vw4B9S446EtIhodAzkFCcR4dQg==

ms@^2.1.1:
  version "2.1.1"
  resolved "https://registry.yarnpkg.com/ms/-/ms-2.1.1.tgz#30a5864eb3ebb0a66f2ebe6d727af06a09d86e0a"
  integrity sha512-tgp+dl5cGk28utYktBsrFqA7HKgrhgPsg6Z/EfhWI4gl1Hwq8B/GmY/0oXZ6nF8hDVesS/FpnYaD/kOWhYQvyg==

node-fetch@^2.3.0:
  version "2.3.0"
  resolved "https://registry.yarnpkg.com/node-fetch/-/node-fetch-2.3.0.tgz#1a1d940bbfb916a1d3e0219f037e89e71f8c5fa5"
  integrity sha512-MOd8pV3fxENbryESLgVIeaGKrdl+uaYhCSSVkjeOb/31/njTpcis5aWfdqgNlHIrKOLRbMnfPINPOML2CIFeXA==

openurl@^1.1.1:
  version "1.1.1"
  resolved "https://registry.yarnpkg.com/openurl/-/openurl-1.1.1.tgz#3875b4b0ef7a52c156f0db41d4609dbb0f94b387"
  integrity sha1-OHW0sO96UsFW8NtB1GCduw+Us4c=

pokedex-promise-v2@^3.1.1:
  version "3.1.1"
  resolved "https://registry.yarnpkg.com/pokedex-promise-v2/-/pokedex-promise-v2-3.1.1.tgz#81fbf51f3ec137fef4efd77859488cffbb581b1d"
  integrity sha512-w2v8SbBfa/fZGofL4Js+BvD6sFrerEnqeQYYuSalxyAELas6mbL+JqMmKSGtwu8NE/j6SaULGtGtVhN+oN0r3g==
  dependencies:
    async "^2.0.1"
    axios "^0.17.0"
    es6-promise "^3.2.1"
    memory-cache "^0.1.6"
